
Microsoft Visual Studio Solution File, Format Version 12.00
# Visual Studio Version 16
VisualStudioVersion = 16.0.31402.337
MinimumVisualStudioVersion = 10.0.40219.1
Project("{FAE04EC0-301F-11D3-BF4B-00C04F79EFBC}") = "FirstMVCApp", "FirstMVCApp.csproj", "{934ED7BB-F951-44EF-B311-4848CDA2C11C}"
EndProject
Global
	GlobalSection(SolutionConfigurationPlatforms) = preSolution
		Debug|Any CPU = Debug|Any CPU
		Release|Any CPU = Release|Any CPU
	EndGlobalSection
	GlobalSection(ProjectConfigurationPlatforms) = postSolution
		{934ED7BB-F951-44EF-B311-4848CDA2C11C}.Debug|Any CPU.ActiveCfg = Debug|Any CPU
		{934ED7BB-F951-44EF-B311-4848CDA2C11C}.Debug|Any CPU.Build.0 = Debug|Any CPU
		{934ED7BB-F951-44EF-B311-4848CDA2C11C}.Release|Any CPU.ActiveCfg = Release|Any CPU
		{934ED7BB-F951-44EF-B311-4848CDA2C11C}.Release|Any CPU.Build.0 = Release|Any CPU
	EndGlobalSection
	GlobalSection(SolutionProperties) = preSolution
		HideSolutionNode = FALSE
	EndGlobalSection
	GlobalSection(ExtensibilityGlobals) = postSolution
		SolutionGuid = {C30B632F-FDB4-4681-821B-01EAE61A7388}
	EndGlobalSection
EndGlobal
